
Microsoft Visual Studio Solution File, Format Version 12.00
# Visual Studio Version 17
VisualStudioVersion = 17.0.31903.59
MinimumVisualStudioVersion = 10.0.40219.1
Project("{FAE04EC0-301F-11D3-BF4B-00C04F79EFBC}") = "VouchCore", "VouchCore\VouchCore.csproj", "{AD0B1C1A-66F3-4E82-A364-428ABF696385}"
EndProject
Project("{FAE04EC0-301F-11D3-BF4B-00C04F79EFBC}") = "VouchCore.Tests", "VouchCore.Tests\VouchCore.Tests.csproj", "{BDDEE733-CDF9-4E4D-B806-F1CC09E3EB1F}"
EndProject
Global
	GlobalSection(SolutionConfigurationPlatforms) = preSolution
		Debug|Any CPU = Debug|Any CPU
		Release|Any CPU = Release|Any CPU
	EndGlobalSection
	GlobalSection(SolutionProperties) = preSolution
		HideSolutionNode = FALSE
	EndGlobalSection
	GlobalSection(ProjectConfigurationPlatforms) = postSolution
		{AD0B1C1A-66F3-4E82-A364-428ABF696385}.Debug|Any CPU.ActiveCfg = Debug|Any CPU
		{AD0B1C1A-66F3-4E82-A364-428ABF696385}.Debug|Any CPU.Build.0 = Debug|Any CPU
		{AD0B1C1A-66F3-4E82-A364-428ABF696385}.Release|Any CPU.ActiveCfg = Release|Any CPU
		{AD0B1C1A-66F3-4E82-A364-428ABF696385}.Release|Any CPU.Build.0 = Release|Any CPU
		{BDDEE733-CDF9-4E4D-B806-F1CC09E3EB1F}.Debug|Any CPU.ActiveCfg = Debug|Any CPU
		{BDDEE733-CDF9-4E4D-B806-F1CC09E3EB1F}.Debug|Any CPU.Build.0 = Debug|Any CPU
		{BDDEE733-CDF9-4E4D-B806-F1CC09E3EB1F}.Release|Any CPU.ActiveCfg = Release|Any CPU
		{BDDEE733-CDF9-4E4D-B806-F1CC09E3EB1F}.Release|Any CPU.Build.0 = Release|Any CPU
	EndGlobalSection
EndGlobal
